
Microsoft Visual Studio Solution File, Format Version 12.00
# Visual Studio Version 17
VisualStudioVersion = 17.9.34607.119
MinimumVisualStudioVersion = 10.0.40219.1
Project("{2150E333-8FDC-42A3-9474-1A3956D46DE8}") = "Services", "Services", "{51509B91-D90A-4BF7-B884-CB6C93ECC2C2}"
EndProject
Project("{9A19103F-16F7-4668-BE54-9A1E7A4F7556}") = "Services.Users", "Services.User\Services.Users.csproj", "{CE7CE1FC-83AD-4119-9EBA-FEE4FF47A80A}"
EndProject
Project("{FAE04EC0-301F-11D3-BF4B-00C04F79EFBC}") = "Services.Product", "Services.Product\Services.Product.csproj", "{F6B42EB1-F2B7-446F-B610-F07200FC1C19}"
EndProject
Project("{2150E333-8FDC-42A3-9474-1A3956D46DE8}") = "Gateway", "Gateway", "{B00E7B84-8CF2-4FCA-AC16-EA29C8DE4F87}"
EndProject
Project("{FAE04EC0-301F-11D3-BF4B-00C04F79EFBC}") = "APIGateway", "APIGateway\APIGateway.csproj", "{F082F8D3-A32D-46D5-98EE-E020B900893B}"
EndProject
Global
	GlobalSection(SolutionConfigurationPlatforms) = preSolution
		Debug|Any CPU = Debug|Any CPU
		Release|Any CPU = Release|Any CPU
	EndGlobalSection
	GlobalSection(ProjectConfigurationPlatforms) = postSolution
		{CE7CE1FC-83AD-4119-9EBA-FEE4FF47A80A}.Debug|Any CPU.ActiveCfg = Debug|Any CPU
		{CE7CE1FC-83AD-4119-9EBA-FEE4FF47A80A}.Debug|Any CPU.Build.0 = Debug|Any CPU
		{CE7CE1FC-83AD-4119-9EBA-FEE4FF47A80A}.Release|Any CPU.ActiveCfg = Release|Any CPU
		{CE7CE1FC-83AD-4119-9EBA-FEE4FF47A80A}.Release|Any CPU.Build.0 = Release|Any CPU
		{F6B42EB1-F2B7-446F-B610-F07200FC1C19}.Debug|Any CPU.ActiveCfg = Debug|Any CPU
		{F6B42EB1-F2B7-446F-B610-F07200FC1C19}.Debug|Any CPU.Build.0 = Debug|Any CPU
		{F6B42EB1-F2B7-446F-B610-F07200FC1C19}.Release|Any CPU.ActiveCfg = Release|Any CPU
		{F6B42EB1-F2B7-446F-B610-F07200FC1C19}.Release|Any CPU.Build.0 = Release|Any CPU
		{F082F8D3-A32D-46D5-98EE-E020B900893B}.Debug|Any CPU.ActiveCfg = Debug|Any CPU
		{F082F8D3-A32D-46D5-98EE-E020B900893B}.Debug|Any CPU.Build.0 = Debug|Any CPU
		{F082F8D3-A32D-46D5-98EE-E020B900893B}.Release|Any CPU.ActiveCfg = Release|Any CPU
		{F082F8D3-A32D-46D5-98EE-E020B900893B}.Release|Any CPU.Build.0 = Release|Any CPU
	EndGlobalSection
	GlobalSection(SolutionProperties) = preSolution
		HideSolutionNode = FALSE
	EndGlobalSection
	GlobalSection(NestedProjects) = preSolution
		{CE7CE1FC-83AD-4119-9EBA-FEE4FF47A80A} = {51509B91-D90A-4BF7-B884-CB6C93ECC2C2}
		{F6B42EB1-F2B7-446F-B610-F07200FC1C19} = {51509B91-D90A-4BF7-B884-CB6C93ECC2C2}
		{F082F8D3-A32D-46D5-98EE-E020B900893B} = {B00E7B84-8CF2-4FCA-AC16-EA29C8DE4F87}
	EndGlobalSection
	GlobalSection(ExtensibilityGlobals) = postSolution
		SolutionGuid = {B8524B61-B1F1-4073-AC73-66A3EE17F9CA}
	EndGlobalSection
EndGlobal
